{
    "name": "insomnia-plugin-oci-auth",
    "version": "0.0.1",
    "lockfileVersion": 2,
    "requires": true,
    "packages": {
        "": {
            "name": "insomnia-plugin-oci-auth",
            "version": "0.0.1",
            "dependencies": {
                "jsrsasign": "^10.4.0"
            }
        },
        "node_modules/jsrsasign": {
            "version": "10.4.0",
            "resolved": "https://registry.npmjs.org/jsrsasign/-/jsrsasign-10.4.0.tgz",
            "integrity": "sha512-C8qLhiAssh/b74KJpGhWuFGG9cFhJqMCVuuHXRibb3Z5vPuAW0ue0jUirpoExCdpdhv4nD3sZ1DAwJURYJTm9g==",
            "funding": {
                "url": "https://github.com/kjur/jsrsasign#donations"
            }
        }
    },
    "dependencies": {
        "jsrsasign": {
            "version": "10.4.0",
            "resolved": "https://registry.npmjs.org/jsrsasign/-/jsrsasign-10.4.0.tgz",
            "integrity": "sha512-C8qLhiAssh/b74KJpGhWuFGG9cFhJqMCVuuHXRibb3Z5vPuAW0ue0jUirpoExCdpdhv4nD3sZ1DAwJURYJTm9g=="
        }
    }
}
