{
    "name": "insomnia-plugin-oci-auth",
    "version": "0.0.1",
    "lockfileVersion": 2,
    "requires": true,
    "packages": {
        "": {
            "name": "insomnia-plugin-oci-auth",
            "version": "0.0.1",
            "dependencies": {
                "jsrsasign": "^10.4.0"
            },
            "devDependencies": {
                "@types/jsrsasign": "^8.0.13",
                "@types/node": "^16.9.4",
                "typescript": "^4.4.3"
            }
        },
        "node_modules/@types/jsrsasign": {
            "version": "8.0.13",
            "resolved": "https://registry.npmjs.org/@types/jsrsasign/-/jsrsasign-8.0.13.tgz",
            "integrity": "sha512-+0Ij59D6NXP48KkeLhPXeQKOyLjvA9CD7zacc0Svy2IWHdl62BmDeTvGSIwKaGZSoamLJOo+on1AG/wPRLsd7A==",
            "dev": true
        },
        "node_modules/@types/node": {
            "version": "16.9.4",
            "resolved": "https://registry.npmjs.org/@types/node/-/node-16.9.4.tgz",
            "integrity": "sha512-KDazLNYAGIuJugdbULwFZULF9qQ13yNWEBFnfVpqlpgAAo6H/qnM9RjBgh0A0kmHf3XxAKLdN5mTIng9iUvVLA==",
            "dev": true
        },
        "node_modules/jsrsasign": {
            "version": "10.4.0",
            "resolved": "https://registry.npmjs.org/jsrsasign/-/jsrsasign-10.4.0.tgz",
            "integrity": "sha512-C8qLhiAssh/b74KJpGhWuFGG9cFhJqMCVuuHXRibb3Z5vPuAW0ue0jUirpoExCdpdhv4nD3sZ1DAwJURYJTm9g==",
            "funding": {
                "url": "https://github.com/kjur/jsrsasign#donations"
            }
        },
        "node_modules/typescript": {
            "version": "4.4.3",
            "resolved": "https://registry.npmjs.org/typescript/-/typescript-4.4.3.tgz",
            "integrity": "sha512-4xfscpisVgqqDfPaJo5vkd+Qd/ItkoagnHpufr+i2QCHBsNYp+G7UAoyFl8aPtx879u38wPV65rZ8qbGZijalA==",
            "dev": true,
            "bin": {
                "tsc": "bin/tsc",
                "tsserver": "bin/tsserver"
            },
            "engines": {
                "node": ">=4.2.0"
            }
        }
    },
    "dependencies": {
        "@types/jsrsasign": {
            "version": "8.0.13",
            "resolved": "https://registry.npmjs.org/@types/jsrsasign/-/jsrsasign-8.0.13.tgz",
            "integrity": "sha512-+0Ij59D6NXP48KkeLhPXeQKOyLjvA9CD7zacc0Svy2IWHdl62BmDeTvGSIwKaGZSoamLJOo+on1AG/wPRLsd7A==",
            "dev": true
        },
        "@types/node": {
            "version": "16.9.4",
            "resolved": "https://registry.npmjs.org/@types/node/-/node-16.9.4.tgz",
            "integrity": "sha512-KDazLNYAGIuJugdbULwFZULF9qQ13yNWEBFnfVpqlpgAAo6H/qnM9RjBgh0A0kmHf3XxAKLdN5mTIng9iUvVLA==",
            "dev": true
        },
        "jsrsasign": {
            "version": "10.4.0",
            "resolved": "https://registry.npmjs.org/jsrsasign/-/jsrsasign-10.4.0.tgz",
            "integrity": "sha512-C8qLhiAssh/b74KJpGhWuFGG9cFhJqMCVuuHXRibb3Z5vPuAW0ue0jUirpoExCdpdhv4nD3sZ1DAwJURYJTm9g=="
        },
        "typescript": {
            "version": "4.4.3",
            "resolved": "https://registry.npmjs.org/typescript/-/typescript-4.4.3.tgz",
            "integrity": "sha512-4xfscpisVgqqDfPaJo5vkd+Qd/ItkoagnHpufr+i2QCHBsNYp+G7UAoyFl8aPtx879u38wPV65rZ8qbGZijalA==",
            "dev": true
        }
    }
}
